<?xml version="1.0" encoding="utf-8"?>
<Project ToolsVersion="4.0" xmlns="http://schemas.microsoft.com/developer/msbuild/2003">
  <ItemGroup>
    <Filter Include="Pliki źródłowe">
      <UniqueIdentifier>{4FC737F1-C7A5-4376-A066-2A32D752A2FF}</UniqueIdentifier>
      <Extensions>cpp;c;cc;cxx;def;odl;idl;hpj;bat;asm;asmx</Extensions>
    </Filter>
    <Filter Include="Pliki nagłówkowe">
      <UniqueIdentifier>{93995380-89BD-4b04-88EB-625FBE52EBFB}</UniqueIdentifier>
      <Extensions>h;hh;hpp;hxx;hm;inl;inc;ipp;xsd</Extensions>
    </Filter>
    <Filter Include="Pliki zasobów">
      <UniqueIdentifier>{67DA6AB6-F800-4c08-8B7A-83BB121AAD01}</UniqueIdentifier>
      <Extensions>rc;ico;cur;bmp;dlg;rc2;rct;bin;rgs;gif;jpg;jpeg;jpe;resx;tiff;tif;png;wav;mfcribbon-ms</Extensions>
    </Filter>
    <Filter Include="Pliki źródłowe\Funkcje">
      <UniqueIdentifier>{f7390db0-1848-4f74-801d-37dc7dd14d65}</UniqueIdentifier>
    </Filter>
    <Filter Include="Pliki źródłowe\Postaci">
      <UniqueIdentifier>{92127ccd-3a82-4312-87e8-22fd90479fda}</UniqueIdentifier>
    </Filter>
    <Filter Include="Pliki nagłówkowe\Funkcje">
      <UniqueIdentifier>{c1468a06-191b-4d1f-8acc-9406bb8bbe1a}</UniqueIdentifier>
    </Filter>
    <Filter Include="Pliki nagłówkowe\Postaci">
      <UniqueIdentifier>{a6377288-a7e3-4aad-8bd2-9b5505e0cabd}</UniqueIdentifier>
    </Filter>
    <Filter Include="Pliki źródłowe\Inne">
      <UniqueIdentifier>{cc57b6e9-776b-4ee9-9489-5764dea9e7a8}</UniqueIdentifier>
    </Filter>
    <Filter Include="Pliki nagłówkowe\Inne">
      <UniqueIdentifier>{70c698b7-7d11-45f3-b6ed-996859d9a65d}</UniqueIdentifier>
    </Filter>
    <Filter Include="Pliki źródłowe\Lokacje">
      <UniqueIdentifier>{bef258b6-15ca-4b03-b321-bc84803600bb}</UniqueIdentifier>
    </Filter>
    <Filter Include="Pliki nagłówkowe\Lokacje">
      <UniqueIdentifier>{16c30e0f-628e-4ad9-87fb-68a551ce9730}</UniqueIdentifier>
    </Filter>
    <Filter Include="Pliki zasobów\Mobki">
      <UniqueIdentifier>{99bf8845-8da0-402a-bfcd-06ece3dac786}</UniqueIdentifier>
    </Filter>
    <Filter Include="Pliki zasobów\Dungeons">
      <UniqueIdentifier>{c31d89ab-61ac-4821-a014-236975365fb1}</UniqueIdentifier>
    </Filter>
    <Filter Include="Pliki zasobów\Bladesmith">
      <UniqueIdentifier>{01fbf51b-8380-4986-8084-a7472af8a68d}</UniqueIdentifier>
    </Filter>
    <Filter Include="Pliki zasobów\Mix">
      <UniqueIdentifier>{a0c6a449-af8b-4823-a0a2-b3bbdc8e1ad4}</UniqueIdentifier>
    </Filter>
  </ItemGroup>
  <ItemGroup>
    <ClCompile Include="burdel.cpp">
      <Filter>Pliki źródłowe\Lokacje</Filter>
    </ClCompile>
    <ClCompile Include="kowal.cpp">
      <Filter>Pliki źródłowe\Lokacje</Filter>
    </ClCompile>
    <ClCompile Include="tawerna.cpp">
      <Filter>Pliki źródłowe\Lokacje</Filter>
    </ClCompile>
    <ClCompile Include="level_up.cpp">
      <Filter>Pliki źródłowe\Funkcje</Filter>
    </ClCompile>
    <ClCompile Include="save.cpp">
      <Filter>Pliki źródłowe\Funkcje</Filter>
    </ClCompile>
    <ClCompile Include="zakres.cpp">
      <Filter>Pliki źródłowe\Funkcje</Filter>
    </ClCompile>
    <ClCompile Include="start.cpp">
      <Filter>Pliki źródłowe\Lokacje</Filter>
    </ClCompile>
    <ClCompile Include="alchemik.cpp">
      <Filter>Pliki źródłowe\Lokacje</Filter>
    </ClCompile>
    <ClCompile Include="game_over.cpp">
      <Filter>Pliki źródłowe\Funkcje</Filter>
    </ClCompile>
    <ClCompile Include="tytul.cpp">
      <Filter>Pliki źródłowe\Funkcje</Filter>
    </ClCompile>
    <ClCompile Include="karty.cpp">
      <Filter>Pliki źródłowe\Funkcje</Filter>
    </ClCompile>
    <ClCompile Include="shamans_house.cpp">
      <Filter>Pliki źródłowe\Lokacje</Filter>
    </ClCompile>
    <ClCompile Include="szpital.cpp">
      <Filter>Pliki źródłowe\Lokacje</Filter>
    </ClCompile>
    <ClCompile Include="dwellers.cpp">
      <Filter>Pliki źródłowe\Postaci</Filter>
    </ClCompile>
    <ClCompile Include="player.cpp">
      <Filter>Pliki źródłowe\Postaci</Filter>
    </ClCompile>
    <ClCompile Include="boost_syf.cpp">
      <Filter>Pliki źródłowe\Funkcje</Filter>
    </ClCompile>
    <ClCompile Include="biblioteki.cpp">
      <Filter>Pliki źródłowe\Inne</Filter>
    </ClCompile>
    <ClCompile Include="inventory.cpp">
      <Filter>Pliki źródłowe\Inne</Filter>
    </ClCompile>
    <ClCompile Include="chest.cpp">
      <Filter>Pliki źródłowe\Inne</Filter>
    </ClCompile>
    <ClCompile Include="items.cpp">
      <Filter>Pliki źródłowe\Inne</Filter>
    </ClCompile>
    <ClCompile Include="sleep.cpp">
      <Filter>Pliki źródłowe\Funkcje</Filter>
    </ClCompile>
    <ClCompile Include="mobki1.cpp">
      <Filter>Pliki źródłowe\Postaci</Filter>
    </ClCompile>
    <ClCompile Include="tabelka.cpp">
      <Filter>Pliki źródłowe\Inne</Filter>
    </ClCompile>
    <ClCompile Include="quest.cpp">
      <Filter>Pliki źródłowe\Funkcje</Filter>
    </ClCompile>
    <ClCompile Include="czas.cpp">
      <Filter>Pliki źródłowe\Funkcje</Filter>
    </ClCompile>
    <ClCompile Include="town square.cpp">
      <Filter>Pliki źródłowe\Lokacje</Filter>
    </ClCompile>
    <ClCompile Include="general_store.cpp">
      <Filter>Pliki źródłowe\Lokacje</Filter>
    </ClCompile>
    <ClCompile Include="trade_mode.cpp">
      <Filter>Pliki źródłowe\Inne</Filter>
    </ClCompile>
    <ClCompile Include="load.cpp">
      <Filter>Pliki źródłowe\Funkcje</Filter>
    </ClCompile>
    <ClCompile Include="dungeon.cpp">
      <Filter>Pliki źródłowe\Lokacje</Filter>
    </ClCompile>
    <ClCompile Include="fight_mode.cpp">
      <Filter>Pliki źródłowe\Inne</Filter>
    </ClCompile>
    <ClCompile Include="cheat_menu.cpp">
      <Filter>Pliki źródłowe\Inne</Filter>
    </ClCompile>
    <ClCompile Include="bladesmithShop.cpp">
      <Filter>Pliki źródłowe\Lokacje</Filter>
    </ClCompile>
    <ClCompile Include="hero_creator.cpp">
      <Filter>Pliki źródłowe\Lokacje</Filter>
    </ClCompile>
    <ClCompile Include="playerTransport.cpp">
      <Filter>Pliki źródłowe\Funkcje</Filter>
    </ClCompile>
    <ClCompile Include="NPCTransport.cpp">
      <Filter>Pliki źródłowe\Funkcje</Filter>
    </ClCompile>
  </ItemGroup>
  <ItemGroup>
    <ClInclude Include="burdel.h">
      <Filter>Pliki nagłówkowe\Lokacje</Filter>
    </ClInclude>
    <ClInclude Include="kowal.h">
      <Filter>Pliki nagłówkowe\Lokacje</Filter>
    </ClInclude>
    <ClInclude Include="tawerna.h">
      <Filter>Pliki nagłówkowe\Lokacje</Filter>
    </ClInclude>
    <ClInclude Include="start.h">
      <Filter>Pliki nagłówkowe\Lokacje</Filter>
    </ClInclude>
    <ClInclude Include="player.h">
      <Filter>Pliki nagłówkowe\Postaci</Filter>
    </ClInclude>
    <ClInclude Include="level_up.h">
      <Filter>Pliki nagłówkowe\Funkcje</Filter>
    </ClInclude>
    <ClInclude Include="save.h">
      <Filter>Pliki nagłówkowe\Funkcje</Filter>
    </ClInclude>
    <ClInclude Include="zakres.h">
      <Filter>Pliki nagłówkowe\Funkcje</Filter>
    </ClInclude>
    <ClInclude Include="alchemik.h">
      <Filter>Pliki nagłówkowe\Lokacje</Filter>
    </ClInclude>
    <ClInclude Include="game_over.h">
      <Filter>Pliki nagłówkowe\Funkcje</Filter>
    </ClInclude>
    <ClInclude Include="tytul.h">
      <Filter>Pliki nagłówkowe\Funkcje</Filter>
    </ClInclude>
    <ClInclude Include="karty.h">
      <Filter>Pliki nagłówkowe\Funkcje</Filter>
    </ClInclude>
    <ClInclude Include="mobki1.h">
      <Filter>Pliki nagłówkowe\Postaci</Filter>
    </ClInclude>
    <ClInclude Include="dwellers.h">
      <Filter>Pliki nagłówkowe\Postaci</Filter>
    </ClInclude>
    <ClInclude Include="shamans_house.h">
      <Filter>Pliki nagłówkowe\Lokacje</Filter>
    </ClInclude>
    <ClInclude Include="szpital.h">
      <Filter>Pliki nagłówkowe\Lokacje</Filter>
    </ClInclude>
    <ClInclude Include="boost_syf.h">
      <Filter>Pliki nagłówkowe\Funkcje</Filter>
    </ClInclude>
    <ClInclude Include="inventory.h">
      <Filter>Pliki nagłówkowe\Inne</Filter>
    </ClInclude>
    <ClInclude Include="biblioteki.h">
      <Filter>Pliki nagłówkowe\Inne</Filter>
    </ClInclude>
    <ClInclude Include="chest.h">
      <Filter>Pliki nagłówkowe\Inne</Filter>
    </ClInclude>
    <ClInclude Include="items.h">
      <Filter>Pliki nagłówkowe\Inne</Filter>
    </ClInclude>
    <ClInclude Include="tabelka.h">
      <Filter>Pliki nagłówkowe\Inne</Filter>
    </ClInclude>
    <ClInclude Include="sleep.h">
      <Filter>Pliki nagłówkowe\Funkcje</Filter>
    </ClInclude>
    <ClInclude Include="quest.h">
      <Filter>Pliki nagłówkowe\Funkcje</Filter>
    </ClInclude>
    <ClInclude Include="czas.h">
      <Filter>Pliki nagłówkowe\Funkcje</Filter>
    </ClInclude>
    <ClInclude Include="town square.h">
      <Filter>Pliki nagłówkowe\Lokacje</Filter>
    </ClInclude>
    <ClInclude Include="general_store.h">
      <Filter>Pliki nagłówkowe\Lokacje</Filter>
    </ClInclude>
    <ClInclude Include="trade_mode.h">
      <Filter>Pliki nagłówkowe\Inne</Filter>
    </ClInclude>
    <ClInclude Include="load.h">
      <Filter>Pliki nagłówkowe\Funkcje</Filter>
    </ClInclude>
    <ClInclude Include="dungeon.h">
      <Filter>Pliki nagłówkowe\Lokacje</Filter>
    </ClInclude>
    <ClInclude Include="fight_mode.h">
      <Filter>Pliki nagłówkowe\Inne</Filter>
    </ClInclude>
    <ClInclude Include="cheat_menu.h">
      <Filter>Pliki nagłówkowe\Inne</Filter>
    </ClInclude>
    <ClInclude Include="bladesmithShop.h">
      <Filter>Pliki nagłówkowe\Lokacje</Filter>
    </ClInclude>
    <ClInclude Include="hero_creator.h">
      <Filter>Pliki nagłówkowe\Inne</Filter>
    </ClInclude>
    <ClInclude Include="playerTransport.h">
      <Filter>Pliki nagłówkowe\Funkcje</Filter>
    </ClInclude>
    <ClInclude Include="NPCTransport.h">
      <Filter>Pliki nagłówkowe\Funkcje</Filter>
    </ClInclude>
  </ItemGroup>
  <ItemGroup>
    <Text Include="txt\mobki\citizen_high.txt">
      <Filter>Pliki zasobów\Mobki</Filter>
    </Text>
    <Text Include="txt\mobki\citizen_medium.txt">
      <Filter>Pliki zasobów\Mobki</Filter>
    </Text>
    <Text Include="txt\mobki\citizen_small.txt">
      <Filter>Pliki zasobów\Mobki</Filter>
    </Text>
    <Text Include="txt\mobki\bandit.txt">
      <Filter>Pliki zasobów\Mobki</Filter>
    </Text>
    <Text Include="txt\mobki\default.txt">
      <Filter>Pliki zasobów\Mobki</Filter>
    </Text>
    <Text Include="txt\mobki\dog.txt">
      <Filter>Pliki zasobów\Mobki</Filter>
    </Text>
    <Text Include="txt\mobki\skeleton.txt">
      <Filter>Pliki zasobów\Mobki</Filter>
    </Text>
    <Text Include="txt\dungeons\lvl1.txt">
      <Filter>Pliki zasobów\Dungeons</Filter>
    </Text>
    <Text Include="txt\dungeons\lvl1monsters.txt">
      <Filter>Pliki zasobów\Dungeons</Filter>
    </Text>
    <Text Include="txt\dungeons\lvl1items.txt">
      <Filter>Pliki zasobów\Dungeons</Filter>
    </Text>
    <Text Include="txt\dungeons\fullfog.txt">
      <Filter>Pliki zasobów\Dungeons</Filter>
    </Text>
    <Text Include="txt\bladesmith\weapons.txt">
      <Filter>Pliki zasobów\Bladesmith</Filter>
    </Text>
    <Text Include="txt\bladesmith\image_upgrade.txt">
      <Filter>Pliki zasobów\Bladesmith</Filter>
    </Text>
    <Text Include="txt\mix\Zapis_gry_backpack.txt">
      <Filter>Pliki zasobów\Mix</Filter>
    </Text>
    <Text Include="txt\mix\Zapis_gry_basic.txt">
      <Filter>Pliki zasobów\Mix</Filter>
    </Text>
    <Text Include="txt\mix\Zapis_gry_boost.txt">
      <Filter>Pliki zasobów\Mix</Filter>
    </Text>
    <Text Include="txt\mix\Zapis_gry_chest.txt">
      <Filter>Pliki zasobów\Mix</Filter>
    </Text>
    <Text Include="txt\mix\Zapis_gry_eq.txt">
      <Filter>Pliki zasobów\Mix</Filter>
    </Text>
    <Text Include="txt\mix\Zapis_gry_npc.txt">
      <Filter>Pliki zasobów\Mix</Filter>
    </Text>
    <Text Include="txt\mix\credits.txt">
      <Filter>Pliki zasobów\Mix</Filter>
    </Text>
    <Text Include="txt\mix\game_over.txt">
      <Filter>Pliki zasobów\Mix</Filter>
    </Text>
    <Text Include="txt\mix\game_over0.txt">
      <Filter>Pliki zasobów\Mix</Filter>
    </Text>
    <Text Include="txt\mix\game_over1.txt">
      <Filter>Pliki zasobów\Mix</Filter>
    </Text>
    <Text Include="txt\mix\Items_alchemy.txt">
      <Filter>Pliki zasobów\Mix</Filter>
    </Text>
    <Text Include="txt\mix\Items_prices.txt">
      <Filter>Pliki zasobów\Mix</Filter>
    </Text>
    <Text Include="txt\mix\Items_smithery.txt">
      <Filter>Pliki zasobów\Mix</Filter>
    </Text>
    <Text Include="txt\mix\Items_usable.txt">
      <Filter>Pliki zasobów\Mix</Filter>
    </Text>
    <Text Include="txt\mix\logo0.txt">
      <Filter>Pliki zasobów\Mix</Filter>
    </Text>
    <Text Include="txt\mix\logo1.txt">
      <Filter>Pliki zasobów\Mix</Filter>
    </Text>
    <Text Include="txt\mix\logo2.txt">
      <Filter>Pliki zasobów\Mix</Filter>
    </Text>
    <Text Include="txt\mix\pseudo.txt">
      <Filter>Pliki zasobów\Mix</Filter>
    </Text>
  </ItemGroup>
</Project>