<?xml version="1.0" encoding="utf-8"?>
<Project ToolsVersion="4.0" xmlns="http://schemas.microsoft.com/developer/msbuild/2003">
  <ItemGroup>
    <Filter Include="Pliki źródłowe">
      <UniqueIdentifier>{4FC737F1-C7A5-4376-A066-2A32D752A2FF}</UniqueIdentifier>
      <Extensions>cpp;c;cc;cxx;def;odl;idl;hpj;bat;asm;asmx</Extensions>
    </Filter>
    <Filter Include="Pliki nagłówkowe">
      <UniqueIdentifier>{93995380-89BD-4b04-88EB-625FBE52EBFB}</UniqueIdentifier>
      <Extensions>h;hh;hpp;hxx;hm;inl;inc;ipp;xsd</Extensions>
    </Filter>
    <Filter Include="Pliki zasobów">
      <UniqueIdentifier>{67DA6AB6-F800-4c08-8B7A-83BB121AAD01}</UniqueIdentifier>
      <Extensions>rc;ico;cur;bmp;dlg;rc2;rct;bin;rgs;gif;jpg;jpeg;jpe;resx;tiff;tif;png;wav;mfcribbon-ms</Extensions>
    </Filter>
    <Filter Include="Pliki źródłowe\Miejsca">
      <UniqueIdentifier>{bef258b6-15ca-4b03-b321-bc84803600bb}</UniqueIdentifier>
    </Filter>
    <Filter Include="Pliki źródłowe\Funkcje">
      <UniqueIdentifier>{f7390db0-1848-4f74-801d-37dc7dd14d65}</UniqueIdentifier>
    </Filter>
    <Filter Include="Pliki źródłowe\Postaci">
      <UniqueIdentifier>{92127ccd-3a82-4312-87e8-22fd90479fda}</UniqueIdentifier>
    </Filter>
    <Filter Include="Pliki nagłówkowe\Miejsca">
      <UniqueIdentifier>{16c30e0f-628e-4ad9-87fb-68a551ce9730}</UniqueIdentifier>
    </Filter>
    <Filter Include="Pliki nagłówkowe\Funkcje">
      <UniqueIdentifier>{c1468a06-191b-4d1f-8acc-9406bb8bbe1a}</UniqueIdentifier>
    </Filter>
    <Filter Include="Pliki nagłówkowe\Postaci">
      <UniqueIdentifier>{a6377288-a7e3-4aad-8bd2-9b5505e0cabd}</UniqueIdentifier>
    </Filter>
    <Filter Include="Pliki źródłowe\Inne">
      <UniqueIdentifier>{cc57b6e9-776b-4ee9-9489-5764dea9e7a8}</UniqueIdentifier>
    </Filter>
    <Filter Include="Pliki nagłówkowe\Inne">
      <UniqueIdentifier>{70c698b7-7d11-45f3-b6ed-996859d9a65d}</UniqueIdentifier>
    </Filter>
  </ItemGroup>
  <ItemGroup>
    <ClCompile Include="burdel.cpp">
      <Filter>Pliki źródłowe\Miejsca</Filter>
    </ClCompile>
    <ClCompile Include="kowal.cpp">
      <Filter>Pliki źródłowe\Miejsca</Filter>
    </ClCompile>
    <ClCompile Include="ui.cpp">
      <Filter>Pliki źródłowe\Miejsca</Filter>
    </ClCompile>
    <ClCompile Include="tawerna.cpp">
      <Filter>Pliki źródłowe\Miejsca</Filter>
    </ClCompile>
    <ClCompile Include="level_up.cpp">
      <Filter>Pliki źródłowe\Funkcje</Filter>
    </ClCompile>
    <ClCompile Include="save.cpp">
      <Filter>Pliki źródłowe\Funkcje</Filter>
    </ClCompile>
    <ClCompile Include="zakres.cpp">
      <Filter>Pliki źródłowe\Funkcje</Filter>
    </ClCompile>
    <ClCompile Include="start.cpp">
      <Filter>Pliki źródłowe\Miejsca</Filter>
    </ClCompile>
    <ClCompile Include="alchemik.cpp">
      <Filter>Pliki źródłowe\Miejsca</Filter>
    </ClCompile>
    <ClCompile Include="game_over.cpp">
      <Filter>Pliki źródłowe\Funkcje</Filter>
    </ClCompile>
    <ClCompile Include="tytul.cpp">
      <Filter>Pliki źródłowe\Funkcje</Filter>
    </ClCompile>
    <ClCompile Include="karty.cpp">
      <Filter>Pliki źródłowe\Funkcje</Filter>
    </ClCompile>
    <ClCompile Include="trader.cpp">
      <Filter>Pliki źródłowe\Miejsca</Filter>
    </ClCompile>
    <ClCompile Include="walka.cpp">
      <Filter>Pliki źródłowe\Miejsca</Filter>
    </ClCompile>
    <ClCompile Include="cheat_menu.cpp">
      <Filter>Pliki źródłowe\Miejsca</Filter>
    </ClCompile>
    <ClCompile Include="shamans_house.cpp">
      <Filter>Pliki źródłowe\Miejsca</Filter>
    </ClCompile>
    <ClCompile Include="szpital.cpp">
      <Filter>Pliki źródłowe\Miejsca</Filter>
    </ClCompile>
    <ClCompile Include="dwellers.cpp">
      <Filter>Pliki źródłowe\Postaci</Filter>
    </ClCompile>
    <ClCompile Include="player.cpp">
      <Filter>Pliki źródłowe\Postaci</Filter>
    </ClCompile>
    <ClCompile Include="boost_syf.cpp">
      <Filter>Pliki źródłowe\Funkcje</Filter>
    </ClCompile>
    <ClCompile Include="biblioteki.cpp">
      <Filter>Pliki źródłowe\Inne</Filter>
    </ClCompile>
    <ClCompile Include="inventory.cpp">
      <Filter>Pliki źródłowe\Inne</Filter>
    </ClCompile>
    <ClCompile Include="trade_tab.cpp">
      <Filter>Pliki źródłowe\Inne</Filter>
    </ClCompile>
    <ClCompile Include="trade.cpp">
      <Filter>Pliki źródłowe\Inne</Filter>
    </ClCompile>
    <ClCompile Include="chest.cpp">
      <Filter>Pliki źródłowe\Inne</Filter>
    </ClCompile>
    <ClCompile Include="items.cpp">
      <Filter>Pliki źródłowe\Inne</Filter>
    </ClCompile>
    <ClCompile Include="sleep.cpp">
      <Filter>Pliki źródłowe\Funkcje</Filter>
    </ClCompile>
    <ClCompile Include="mobki1.cpp">
      <Filter>Pliki źródłowe\Postaci</Filter>
    </ClCompile>
    <ClCompile Include="tabelka.cpp">
      <Filter>Pliki źródłowe\Inne</Filter>
    </ClCompile>
    <ClCompile Include="quest.cpp">
      <Filter>Pliki źródłowe\Funkcje</Filter>
    </ClCompile>
    <ClCompile Include="czas.cpp">
      <Filter>Pliki źródłowe\Funkcje</Filter>
    </ClCompile>
    <ClCompile Include="wait.cpp">
      <Filter>Pliki źródłowe\Funkcje</Filter>
    </ClCompile>
  </ItemGroup>
  <ItemGroup>
    <ClInclude Include="burdel.h">
      <Filter>Pliki nagłówkowe\Miejsca</Filter>
    </ClInclude>
    <ClInclude Include="kowal.h">
      <Filter>Pliki nagłówkowe\Miejsca</Filter>
    </ClInclude>
    <ClInclude Include="tawerna.h">
      <Filter>Pliki nagłówkowe\Miejsca</Filter>
    </ClInclude>
    <ClInclude Include="ui.h">
      <Filter>Pliki nagłówkowe\Miejsca</Filter>
    </ClInclude>
    <ClInclude Include="start.h">
      <Filter>Pliki nagłówkowe\Miejsca</Filter>
    </ClInclude>
    <ClInclude Include="player.h">
      <Filter>Pliki nagłówkowe\Postaci</Filter>
    </ClInclude>
    <ClInclude Include="level_up.h">
      <Filter>Pliki nagłówkowe\Funkcje</Filter>
    </ClInclude>
    <ClInclude Include="save.h">
      <Filter>Pliki nagłówkowe\Funkcje</Filter>
    </ClInclude>
    <ClInclude Include="zakres.h">
      <Filter>Pliki nagłówkowe\Funkcje</Filter>
    </ClInclude>
    <ClInclude Include="alchemik.h">
      <Filter>Pliki nagłówkowe\Miejsca</Filter>
    </ClInclude>
    <ClInclude Include="game_over.h">
      <Filter>Pliki nagłówkowe\Funkcje</Filter>
    </ClInclude>
    <ClInclude Include="tytul.h">
      <Filter>Pliki nagłówkowe\Funkcje</Filter>
    </ClInclude>
    <ClInclude Include="trader.h">
      <Filter>Pliki nagłówkowe\Miejsca</Filter>
    </ClInclude>
    <ClInclude Include="karty.h">
      <Filter>Pliki nagłówkowe\Funkcje</Filter>
    </ClInclude>
    <ClInclude Include="mobki1.h">
      <Filter>Pliki nagłówkowe\Postaci</Filter>
    </ClInclude>
    <ClInclude Include="walka.h">
      <Filter>Pliki nagłówkowe\Miejsca</Filter>
    </ClInclude>
    <ClInclude Include="cheat_menu.h">
      <Filter>Pliki nagłówkowe\Miejsca</Filter>
    </ClInclude>
    <ClInclude Include="dwellers.h">
      <Filter>Pliki nagłówkowe\Postaci</Filter>
    </ClInclude>
    <ClInclude Include="shamans_house.h">
      <Filter>Pliki nagłówkowe\Miejsca</Filter>
    </ClInclude>
    <ClInclude Include="szpital.h">
      <Filter>Pliki nagłówkowe\Miejsca</Filter>
    </ClInclude>
    <ClInclude Include="boost_syf.h">
      <Filter>Pliki nagłówkowe\Funkcje</Filter>
    </ClInclude>
    <ClInclude Include="inventory.h">
      <Filter>Pliki nagłówkowe\Inne</Filter>
    </ClInclude>
    <ClInclude Include="trade_tab.h">
      <Filter>Pliki nagłówkowe\Inne</Filter>
    </ClInclude>
    <ClInclude Include="biblioteki.h">
      <Filter>Pliki nagłówkowe\Inne</Filter>
    </ClInclude>
    <ClInclude Include="trade.h">
      <Filter>Pliki nagłówkowe\Inne</Filter>
    </ClInclude>
    <ClInclude Include="chest.h">
      <Filter>Pliki nagłówkowe\Inne</Filter>
    </ClInclude>
    <ClInclude Include="items.h">
      <Filter>Pliki nagłówkowe\Inne</Filter>
    </ClInclude>
    <ClInclude Include="tabelka.h">
      <Filter>Pliki nagłówkowe\Inne</Filter>
    </ClInclude>
    <ClInclude Include="sleep.h">
      <Filter>Pliki nagłówkowe\Funkcje</Filter>
    </ClInclude>
    <ClInclude Include="quest.h">
      <Filter>Pliki nagłówkowe\Funkcje</Filter>
    </ClInclude>
    <ClInclude Include="czas.h">
      <Filter>Pliki nagłówkowe\Funkcje</Filter>
    </ClInclude>
    <ClInclude Include="wait.h">
      <Filter>Pliki nagłówkowe\Funkcje</Filter>
    </ClInclude>
  </ItemGroup>
</Project>